// !$*UTF8*$!
{
	archiveVersion = 1;
	classes = {
	};
	objectVersion = 46;
	objects = {

/* Begin PBXBuildFile section */
		C101E5D81F622FD8003CEF0A /* SettingCell.swift in Sources */ = {isa = PBXBuildFile; fileRef = C101E5D71F622FD8003CEF0A /* SettingCell.swift */; };
		C101E5DA1F62349D003CEF0A /* Settings.swift in Sources */ = {isa = PBXBuildFile; fileRef = C101E5D91F62349D003CEF0A /* Settings.swift */; };
		C101E5DC1F62BC22003CEF0A /* ConfigurationVC.swift in Sources */ = {isa = PBXBuildFile; fileRef = C101E5DB1F62BC22003CEF0A /* ConfigurationVC.swift */; };
		C101E5DE1F640A50003CEF0A /* MyPostTVC.swift in Sources */ = {isa = PBXBuildFile; fileRef = C101E5DD1F640A50003CEF0A /* MyPostTVC.swift */; };
		C101E5E01F640AB8003CEF0A /* DetailSettingVC.swift in Sources */ = {isa = PBXBuildFile; fileRef = C101E5DF1F640AB8003CEF0A /* DetailSettingVC.swift */; };
		C101E5E21F649145003CEF0A /* MyPostCell.swift in Sources */ = {isa = PBXBuildFile; fileRef = C101E5E11F649145003CEF0A /* MyPostCell.swift */; };
		C101E5E41F64E342003CEF0A /* ConfigurationCell.swift in Sources */ = {isa = PBXBuildFile; fileRef = C101E5E31F64E342003CEF0A /* ConfigurationCell.swift */; };
		C11AD9161F1A913600CC8D73 /* StepCell.swift in Sources */ = {isa = PBXBuildFile; fileRef = C11AD9151F1A913600CC8D73 /* StepCell.swift */; };
		C11AF3C31F9E41AB00389B12 /* SwiftKeychainWrapper.framework in Frameworks */ = {isa = PBXBuildFile; fileRef = C11AF3BF1F9E415500389B12 /* SwiftKeychainWrapper.framework */; };
		C11AF3C41F9E41AB00389B12 /* SwiftKeychainWrapper.framework in CopyFiles */ = {isa = PBXBuildFile; fileRef = C11AF3BF1F9E415500389B12 /* SwiftKeychainWrapper.framework */; settings = {ATTRIBUTES = (CodeSignOnCopy, RemoveHeadersOnCopy, ); }; };
		C11AF3CA1F9E41E200389B12 /* FBSDKCoreKit.framework in Frameworks */ = {isa = PBXBuildFile; fileRef = C11AF3C81F9E41CD00389B12 /* FBSDKCoreKit.framework */; };
		C11AF3CB1F9E41E200389B12 /* FBSDKCoreKit.framework in CopyFiles */ = {isa = PBXBuildFile; fileRef = C11AF3C81F9E41CD00389B12 /* FBSDKCoreKit.framework */; settings = {ATTRIBUTES = (CodeSignOnCopy, RemoveHeadersOnCopy, ); }; };
		C11AF3CE1F9E41F100389B12 /* FBSDKLoginKit.framework in Frameworks */ = {isa = PBXBuildFile; fileRef = C11AF3CC1F9E41E700389B12 /* FBSDKLoginKit.framework */; };
		C11AF3CF1F9E41F100389B12 /* FBSDKLoginKit.framework in CopyFiles */ = {isa = PBXBuildFile; fileRef = C11AF3CC1F9E41E700389B12 /* FBSDKLoginKit.framework */; settings = {ATTRIBUTES = (CodeSignOnCopy, RemoveHeadersOnCopy, ); }; };
		C11AF3D21F9E420400389B12 /* SZTextView.framework in Frameworks */ = {isa = PBXBuildFile; fileRef = C11AF3D01F9E41FC00389B12 /* SZTextView.framework */; };
		C11AF3D31F9E420400389B12 /* SZTextView.framework in CopyFiles */ = {isa = PBXBuildFile; fileRef = C11AF3D01F9E41FC00389B12 /* SZTextView.framework */; settings = {ATTRIBUTES = (CodeSignOnCopy, RemoveHeadersOnCopy, ); }; };
		C11AF3D61F9E421300389B12 /* Bolts.framework in Frameworks */ = {isa = PBXBuildFile; fileRef = C11AF3D41F9E420D00389B12 /* Bolts.framework */; };
		C11AF3D71F9E421300389B12 /* Bolts.framework in CopyFiles */ = {isa = PBXBuildFile; fileRef = C11AF3D41F9E420D00389B12 /* Bolts.framework */; settings = {ATTRIBUTES = (CodeSignOnCopy, RemoveHeadersOnCopy, ); }; };
		C11AF3DA1F9E422600389B12 /* nanopb.framework in Frameworks */ = {isa = PBXBuildFile; fileRef = C11AF3D81F9E421B00389B12 /* nanopb.framework */; };
		C11AF3DB1F9E422600389B12 /* nanopb.framework in CopyFiles */ = {isa = PBXBuildFile; fileRef = C11AF3D81F9E421B00389B12 /* nanopb.framework */; settings = {ATTRIBUTES = (CodeSignOnCopy, RemoveHeadersOnCopy, ); }; };
		C11AF3DE1F9E426500389B12 /* GoogleToolboxForMac.framework in Frameworks */ = {isa = PBXBuildFile; fileRef = C11AF3DC1F9E425E00389B12 /* GoogleToolboxForMac.framework */; };
		C11AF3DF1F9E426500389B12 /* GoogleToolboxForMac.framework in CopyFiles */ = {isa = PBXBuildFile; fileRef = C11AF3DC1F9E425E00389B12 /* GoogleToolboxForMac.framework */; settings = {ATTRIBUTES = (CodeSignOnCopy, RemoveHeadersOnCopy, ); }; };
		C11AF3E21F9E427200389B12 /* GTMSessionFetcher.framework in Frameworks */ = {isa = PBXBuildFile; fileRef = C11AF3E01F9E426C00389B12 /* GTMSessionFetcher.framework */; };
		C11AF3E31F9E427200389B12 /* GTMSessionFetcher.framework in CopyFiles */ = {isa = PBXBuildFile; fileRef = C11AF3E01F9E426C00389B12 /* GTMSessionFetcher.framework */; settings = {ATTRIBUTES = (CodeSignOnCopy, RemoveHeadersOnCopy, ); }; };
		C11AF3E51F9E42BC00389B12 /* Pods_LearnItEarnIt.framework in Frameworks */ = {isa = PBXBuildFile; fileRef = 76088AC4C7211978A73A6E0E /* Pods_LearnItEarnIt.framework */; };
		C11AF3E61F9E42BC00389B12 /* Pods_LearnItEarnIt.framework in CopyFiles */ = {isa = PBXBuildFile; fileRef = 76088AC4C7211978A73A6E0E /* Pods_LearnItEarnIt.framework */; settings = {ATTRIBUTES = (CodeSignOnCopy, RemoveHeadersOnCopy, ); }; };
		C15BF5E51EAAF6F60057310D /* AppDelegate.swift in Sources */ = {isa = PBXBuildFile; fileRef = C15BF5E41EAAF6F60057310D /* AppDelegate.swift */; };
		C15BF5E71EAAF6F60057310D /* MainVC.swift in Sources */ = {isa = PBXBuildFile; fileRef = C15BF5E61EAAF6F60057310D /* MainVC.swift */; };
		C15BF5EA1EAAF6F60057310D /* Main.storyboard in Resources */ = {isa = PBXBuildFile; fileRef = C15BF5E81EAAF6F60057310D /* Main.storyboard */; };
		C15BF5EC1EAAF6F60057310D /* Assets.xcassets in Resources */ = {isa = PBXBuildFile; fileRef = C15BF5EB1EAAF6F60057310D /* Assets.xcassets */; };
		C15BF5EF1EAAF6F60057310D /* LaunchScreen.storyboard in Resources */ = {isa = PBXBuildFile; fileRef = C15BF5ED1EAAF6F60057310D /* LaunchScreen.storyboard */; };
		C15BF5F71EAAF7F00057310D /* GoogleService-Info.plist in Resources */ = {isa = PBXBuildFile; fileRef = C15BF5F61EAAF7F00057310D /* GoogleService-Info.plist */; };
		C15BF5FE1EAB04E10057310D /* CircleButton.swift in Sources */ = {isa = PBXBuildFile; fileRef = C15BF5FD1EAB04E10057310D /* CircleButton.swift */; };
		C15BF6001EAB0A660057310D /* PostCell.swift in Sources */ = {isa = PBXBuildFile; fileRef = C15BF5FF1EAB0A660057310D /* PostCell.swift */; };
		C15BF6021EAB6A210057310D /* PostVC.swift in Sources */ = {isa = PBXBuildFile; fileRef = C15BF6011EAB6A210057310D /* PostVC.swift */; };
		C15BF6041EAB701B0057310D /* FancyBtn.swift in Sources */ = {isa = PBXBuildFile; fileRef = C15BF6031EAB701B0057310D /* FancyBtn.swift */; };
		C15BF6081EAB74C90057310D /* Post.swift in Sources */ = {isa = PBXBuildFile; fileRef = C15BF6071EAB74C90057310D /* Post.swift */; };
		C15BF60A1EAC3DD50057310D /* ProductCell.swift in Sources */ = {isa = PBXBuildFile; fileRef = C15BF6091EAC3DD50057310D /* ProductCell.swift */; };
		C15BF60C1EAC3F3F0057310D /* Step.swift in Sources */ = {isa = PBXBuildFile; fileRef = C15BF60B1EAC3F3F0057310D /* Step.swift */; };
		C15BF60E1EAE135C0057310D /* ProfileVC.swift in Sources */ = {isa = PBXBuildFile; fileRef = C15BF60D1EAE135C0057310D /* ProfileVC.swift */; };
		C15BF6101EAE174B0057310D /* CircleView.swift in Sources */ = {isa = PBXBuildFile; fileRef = C15BF60F1EAE174B0057310D /* CircleView.swift */; };
		C15BF6121EAEFBCD0057310D /* LoginVC.swift in Sources */ = {isa = PBXBuildFile; fileRef = C15BF6111EAEFBCD0057310D /* LoginVC.swift */; };
		C163733D1EB1458800CF68BD /* Constants.swift in Sources */ = {isa = PBXBuildFile; fileRef = C163733C1EB1458800CF68BD /* Constants.swift */; };
		C16373401EB190A500CF68BD /* DataService.swift in Sources */ = {isa = PBXBuildFile; fileRef = C163733F1EB190A500CF68BD /* DataService.swift */; };
		C16373421EB3608A00CF68BD /* NewUserVC.swift in Sources */ = {isa = PBXBuildFile; fileRef = C16373411EB3608A00CF68BD /* NewUserVC.swift */; };
		C178A6031EF478BF00B97F43 /* RecentCompletionVC.swift in Sources */ = {isa = PBXBuildFile; fileRef = C178A6021EF478BF00B97F43 /* RecentCompletionVC.swift */; };
		C178A6051F0DBD7100B97F43 /* postCreateVC.swift in Sources */ = {isa = PBXBuildFile; fileRef = C178A6041F0DBD7100B97F43 /* postCreateVC.swift */; };
		C1A956301F329B4D006DBCE7 /* Global.swift in Sources */ = {isa = PBXBuildFile; fileRef = C1A9562F1F329B4D006DBCE7 /* Global.swift */; };
		C1AD8E351F170925000B5FB7 /* DetailStepVC.swift in Sources */ = {isa = PBXBuildFile; fileRef = C1AD8E341F170925000B5FB7 /* DetailStepVC.swift */; };
		C1CC26AE1EB4A56A00CFA708 /* SetupVC.swift in Sources */ = {isa = PBXBuildFile; fileRef = C1CC26AD1EB4A56A00CFA708 /* SetupVC.swift */; };
		C1CC26B11EB5973200CFA708 /* Profile.swift in Sources */ = {isa = PBXBuildFile; fileRef = C1CC26B01EB5973200CFA708 /* Profile.swift */; };
		C1CC26B51EB8A1FE00CFA708 /* User.swift in Sources */ = {isa = PBXBuildFile; fileRef = C1CC26B41EB8A1FE00CFA708 /* User.swift */; };
		C1CD8C841FB89114006CA498 /* LoaderController.swift in Sources */ = {isa = PBXBuildFile; fileRef = C1CD8C831FB89114006CA498 /* LoaderController.swift */; };
		C1CD8C861FBB9D26006CA498 /* FancyLabel.swift in Sources */ = {isa = PBXBuildFile; fileRef = C1CD8C851FBB9D26006CA498 /* FancyLabel.swift */; };
		C1DFB2B41F9E68F8009C9D93 /* LoadingView.swift in Sources */ = {isa = PBXBuildFile; fileRef = C1DFB2B31F9E68F8009C9D93 /* LoadingView.swift */; };
		C1DFB2B61FAC14C2009C9D93 /* DetailStepImageVC.swift in Sources */ = {isa = PBXBuildFile; fileRef = C1DFB2B51FAC14C2009C9D93 /* DetailStepImageVC.swift */; };
/* End PBXBuildFile section */

/* Begin PBXCopyFilesBuildPhase section */
		C1BC00FF1F98B99F0041DDE2 /* CopyFiles */ = {
			isa = PBXCopyFilesBuildPhase;
			buildActionMask = 2147483647;
			dstPath = "";
			dstSubfolderSpec = 10;
			files = (
				C11AF3C41F9E41AB00389B12 /* SwiftKeychainWrapper.framework in CopyFiles */,
				C11AF3E31F9E427200389B12 /* GTMSessionFetcher.framework in CopyFiles */,
				C11AF3E61F9E42BC00389B12 /* Pods_LearnItEarnIt.framework in CopyFiles */,
				C11AF3CB1F9E41E200389B12 /* FBSDKCoreKit.framework in CopyFiles */,
				C11AF3CF1F9E41F100389B12 /* FBSDKLoginKit.framework in CopyFiles */,
				C11AF3DB1F9E422600389B12 /* nanopb.framework in CopyFiles */,
				C11AF3D71F9E421300389B12 /* Bolts.framework in CopyFiles */,
				C11AF3DF1F9E426500389B12 /* GoogleToolboxForMac.framework in CopyFiles */,
				C11AF3D31F9E420400389B12 /* SZTextView.framework in CopyFiles */,
			);
			runOnlyForDeploymentPostprocessing = 0;
		};
/* End PBXCopyFilesBuildPhase section */

/* Begin PBXFileReference section */
		76088AC4C7211978A73A6E0E /* Pods_LearnItEarnIt.framework */ = {isa = PBXFileReference; explicitFileType = wrapper.framework; includeInIndex = 0; path = Pods_LearnItEarnIt.framework; sourceTree = BUILT_PRODUCTS_DIR; };
		85451FB6E8DEFB98F6CF38D4 /* Pods-LearnItEarnIt.release.xcconfig */ = {isa = PBXFileReference; includeInIndex = 1; lastKnownFileType = text.xcconfig; name = "Pods-LearnItEarnIt.release.xcconfig"; path = "Pods/Target Support Files/Pods-LearnItEarnIt/Pods-LearnItEarnIt.release.xcconfig"; sourceTree = "<group>"; };
		C101E5D71F622FD8003CEF0A /* SettingCell.swift */ = {isa = PBXFileReference; fileEncoding = 4; lastKnownFileType = sourcecode.swift; path = SettingCell.swift; sourceTree = "<group>"; };
		C101E5D91F62349D003CEF0A /* Settings.swift */ = {isa = PBXFileReference; fileEncoding = 4; lastKnownFileType = sourcecode.swift; path = Settings.swift; sourceTree = "<group>"; };
		C101E5DB1F62BC22003CEF0A /* ConfigurationVC.swift */ = {isa = PBXFileReference; fileEncoding = 4; lastKnownFileType = sourcecode.swift; path = ConfigurationVC.swift; sourceTree = "<group>"; };
		C101E5DD1F640A50003CEF0A /* MyPostTVC.swift */ = {isa = PBXFileReference; fileEncoding = 4; lastKnownFileType = sourcecode.swift; path = MyPostTVC.swift; sourceTree = "<group>"; };
		C101E5DF1F640AB8003CEF0A /* DetailSettingVC.swift */ = {isa = PBXFileReference; fileEncoding = 4; lastKnownFileType = sourcecode.swift; path = DetailSettingVC.swift; sourceTree = "<group>"; };
		C101E5E11F649145003CEF0A /* MyPostCell.swift */ = {isa = PBXFileReference; fileEncoding = 4; lastKnownFileType = sourcecode.swift; path = MyPostCell.swift; sourceTree = "<group>"; };
		C101E5E31F64E342003CEF0A /* ConfigurationCell.swift */ = {isa = PBXFileReference; fileEncoding = 4; lastKnownFileType = sourcecode.swift; path = ConfigurationCell.swift; sourceTree = "<group>"; };
		C11AD9151F1A913600CC8D73 /* StepCell.swift */ = {isa = PBXFileReference; fileEncoding = 4; lastKnownFileType = sourcecode.swift; path = StepCell.swift; sourceTree = "<group>"; };
		C11AF3BF1F9E415500389B12 /* SwiftKeychainWrapper.framework */ = {isa = PBXFileReference; lastKnownFileType = wrapper.framework; name = SwiftKeychainWrapper.framework; path = "../../../../Library/Developer/Xcode/DerivedData/LearnItEarnIt-bqlejvhlbcmkqzcvmyvldsbjbnit/Build/Products/Debug-iphoneos/SwiftKeychainWrapper/SwiftKeychainWrapper.framework"; sourceTree = "<group>"; };
		C11AF3C81F9E41CD00389B12 /* FBSDKCoreKit.framework */ = {isa = PBXFileReference; lastKnownFileType = wrapper.framework; name = FBSDKCoreKit.framework; path = "../../../../Library/Developer/Xcode/DerivedData/LearnItEarnIt-bqlejvhlbcmkqzcvmyvldsbjbnit/Build/Products/Debug-iphoneos/FBSDKCoreKit/FBSDKCoreKit.framework"; sourceTree = "<group>"; };
		C11AF3CC1F9E41E700389B12 /* FBSDKLoginKit.framework */ = {isa = PBXFileReference; lastKnownFileType = wrapper.framework; name = FBSDKLoginKit.framework; path = "../../../../Library/Developer/Xcode/DerivedData/LearnItEarnIt-bqlejvhlbcmkqzcvmyvldsbjbnit/Build/Products/Debug-iphoneos/FBSDKLoginKit/FBSDKLoginKit.framework"; sourceTree = "<group>"; };
		C11AF3D01F9E41FC00389B12 /* SZTextView.framework */ = {isa = PBXFileReference; lastKnownFileType = wrapper.framework; name = SZTextView.framework; path = "../../../../Library/Developer/Xcode/DerivedData/LearnItEarnIt-bqlejvhlbcmkqzcvmyvldsbjbnit/Build/Products/Debug-iphoneos/SZTextView/SZTextView.framework"; sourceTree = "<group>"; };
		C11AF3D41F9E420D00389B12 /* Bolts.framework */ = {isa = PBXFileReference; lastKnownFileType = wrapper.framework; name = Bolts.framework; path = "../../../../Library/Developer/Xcode/DerivedData/LearnItEarnIt-bqlejvhlbcmkqzcvmyvldsbjbnit/Build/Products/Debug-iphoneos/Bolts/Bolts.framework"; sourceTree = "<group>"; };
		C11AF3D81F9E421B00389B12 /* nanopb.framework */ = {isa = PBXFileReference; lastKnownFileType = wrapper.framework; name = nanopb.framework; path = "../../../../Library/Developer/Xcode/DerivedData/LearnItEarnIt-bqlejvhlbcmkqzcvmyvldsbjbnit/Build/Products/Debug-iphoneos/nanopb/nanopb.framework"; sourceTree = "<group>"; };
		C11AF3DC1F9E425E00389B12 /* GoogleToolboxForMac.framework */ = {isa = PBXFileReference; lastKnownFileType = wrapper.framework; name = GoogleToolboxForMac.framework; path = "../../../../Library/Developer/Xcode/DerivedData/LearnItEarnIt-bqlejvhlbcmkqzcvmyvldsbjbnit/Build/Products/Debug-iphoneos/GoogleToolboxForMac/GoogleToolboxForMac.framework"; sourceTree = "<group>"; };
		C11AF3E01F9E426C00389B12 /* GTMSessionFetcher.framework */ = {isa = PBXFileReference; lastKnownFileType = wrapper.framework; name = GTMSessionFetcher.framework; path = "../../../../Library/Developer/Xcode/DerivedData/LearnItEarnIt-bqlejvhlbcmkqzcvmyvldsbjbnit/Build/Products/Debug-iphoneos/GTMSessionFetcher/GTMSessionFetcher.framework"; sourceTree = "<group>"; };
		C15BF5E11EAAF6F60057310D /* LearnItEarnIt.app */ = {isa = PBXFileReference; explicitFileType = wrapper.application; includeInIndex = 0; path = LearnItEarnIt.app; sourceTree = BUILT_PRODUCTS_DIR; };
		C15BF5E41EAAF6F60057310D /* AppDelegate.swift */ = {isa = PBXFileReference; lastKnownFileType = sourcecode.swift; path = AppDelegate.swift; sourceTree = "<group>"; };
		C15BF5E61EAAF6F60057310D /* MainVC.swift */ = {isa = PBXFileReference; lastKnownFileType = sourcecode.swift; path = MainVC.swift; sourceTree = "<group>"; };
		C15BF5E91EAAF6F60057310D /* Base */ = {isa = PBXFileReference; lastKnownFileType = file.storyboard; name = Base; path = Base.lproj/Main.storyboard; sourceTree = "<group>"; };
		C15BF5EB1EAAF6F60057310D /* Assets.xcassets */ = {isa = PBXFileReference; lastKnownFileType = folder.assetcatalog; path = Assets.xcassets; sourceTree = "<group>"; };
		C15BF5EE1EAAF6F60057310D /* Base */ = {isa = PBXFileReference; lastKnownFileType = file.storyboard; name = Base; path = Base.lproj/LaunchScreen.storyboard; sourceTree = "<group>"; };
		C15BF5F01EAAF6F60057310D /* Info.plist */ = {isa = PBXFileReference; lastKnownFileType = text.plist.xml; path = Info.plist; sourceTree = "<group>"; };
		C15BF5F61EAAF7F00057310D /* GoogleService-Info.plist */ = {isa = PBXFileReference; fileEncoding = 4; lastKnownFileType = text.plist.xml; path = "GoogleService-Info.plist"; sourceTree = "<group>"; };
		C15BF5FD1EAB04E10057310D /* CircleButton.swift */ = {isa = PBXFileReference; fileEncoding = 4; lastKnownFileType = sourcecode.swift; path = CircleButton.swift; sourceTree = "<group>"; };
		C15BF5FF1EAB0A660057310D /* PostCell.swift */ = {isa = PBXFileReference; fileEncoding = 4; lastKnownFileType = sourcecode.swift; path = PostCell.swift; sourceTree = "<group>"; };
		C15BF6011EAB6A210057310D /* PostVC.swift */ = {isa = PBXFileReference; fileEncoding = 4; lastKnownFileType = sourcecode.swift; path = PostVC.swift; sourceTree = "<group>"; };
		C15BF6031EAB701B0057310D /* FancyBtn.swift */ = {isa = PBXFileReference; fileEncoding = 4; lastKnownFileType = sourcecode.swift; path = FancyBtn.swift; sourceTree = "<group>"; };
		C15BF6071EAB74C90057310D /* Post.swift */ = {isa = PBXFileReference; fileEncoding = 4; lastKnownFileType = sourcecode.swift; path = Post.swift; sourceTree = "<group>"; };
		C15BF6091EAC3DD50057310D /* ProductCell.swift */ = {isa = PBXFileReference; fileEncoding = 4; lastKnownFileType = sourcecode.swift; path = ProductCell.swift; sourceTree = "<group>"; };
		C15BF60B1EAC3F3F0057310D /* Step.swift */ = {isa = PBXFileReference; fileEncoding = 4; lastKnownFileType = sourcecode.swift; path = Step.swift; sourceTree = "<group>"; };
		C15BF60D1EAE135C0057310D /* ProfileVC.swift */ = {isa = PBXFileReference; fileEncoding = 4; lastKnownFileType = sourcecode.swift; path = ProfileVC.swift; sourceTree = "<group>"; };
		C15BF60F1EAE174B0057310D /* CircleView.swift */ = {isa = PBXFileReference; fileEncoding = 4; lastKnownFileType = sourcecode.swift; path = CircleView.swift; sourceTree = "<group>"; };
		C15BF6111EAEFBCD0057310D /* LoginVC.swift */ = {isa = PBXFileReference; fileEncoding = 4; lastKnownFileType = sourcecode.swift; path = LoginVC.swift; sourceTree = "<group>"; };
		C163733C1EB1458800CF68BD /* Constants.swift */ = {isa = PBXFileReference; fileEncoding = 4; lastKnownFileType = sourcecode.swift; path = Constants.swift; sourceTree = "<group>"; };
		C163733F1EB190A500CF68BD /* DataService.swift */ = {isa = PBXFileReference; fileEncoding = 4; lastKnownFileType = sourcecode.swift; path = DataService.swift; sourceTree = "<group>"; };
		C16373411EB3608A00CF68BD /* NewUserVC.swift */ = {isa = PBXFileReference; fileEncoding = 4; lastKnownFileType = sourcecode.swift; path = NewUserVC.swift; sourceTree = "<group>"; };
		C178A6021EF478BF00B97F43 /* RecentCompletionVC.swift */ = {isa = PBXFileReference; fileEncoding = 4; lastKnownFileType = sourcecode.swift; path = RecentCompletionVC.swift; sourceTree = "<group>"; };
		C178A6041F0DBD7100B97F43 /* postCreateVC.swift */ = {isa = PBXFileReference; fileEncoding = 4; lastKnownFileType = sourcecode.swift; path = postCreateVC.swift; sourceTree = "<group>"; };
		C1A9562F1F329B4D006DBCE7 /* Global.swift */ = {isa = PBXFileReference; fileEncoding = 4; lastKnownFileType = sourcecode.swift; path = Global.swift; sourceTree = "<group>"; };
		C1AD8E341F170925000B5FB7 /* DetailStepVC.swift */ = {isa = PBXFileReference; fileEncoding = 4; lastKnownFileType = sourcecode.swift; path = DetailStepVC.swift; sourceTree = "<group>"; };
		C1CC26AD1EB4A56A00CFA708 /* SetupVC.swift */ = {isa = PBXFileReference; fileEncoding = 4; lastKnownFileType = sourcecode.swift; path = SetupVC.swift; sourceTree = "<group>"; };
		C1CC26AF1EB578F900CFA708 /* LearnItEarnIt.entitlements */ = {isa = PBXFileReference; lastKnownFileType = text.plist.entitlements; path = LearnItEarnIt.entitlements; sourceTree = "<group>"; };
		C1CC26B01EB5973200CFA708 /* Profile.swift */ = {isa = PBXFileReference; fileEncoding = 4; lastKnownFileType = sourcecode.swift; path = Profile.swift; sourceTree = "<group>"; };
		C1CC26B41EB8A1FE00CFA708 /* User.swift */ = {isa = PBXFileReference; fileEncoding = 4; lastKnownFileType = sourcecode.swift; path = User.swift; sourceTree = "<group>"; };
		C1CD8C831FB89114006CA498 /* LoaderController.swift */ = {isa = PBXFileReference; fileEncoding = 4; lastKnownFileType = sourcecode.swift; path = LoaderController.swift; sourceTree = "<group>"; };
		C1CD8C851FBB9D26006CA498 /* FancyLabel.swift */ = {isa = PBXFileReference; fileEncoding = 4; lastKnownFileType = sourcecode.swift; path = FancyLabel.swift; sourceTree = "<group>"; };
		C1DFB2B31F9E68F8009C9D93 /* LoadingView.swift */ = {isa = PBXFileReference; fileEncoding = 4; lastKnownFileType = sourcecode.swift; path = LoadingView.swift; sourceTree = "<group>"; };
		C1DFB2B51FAC14C2009C9D93 /* DetailStepImageVC.swift */ = {isa = PBXFileReference; fileEncoding = 4; lastKnownFileType = sourcecode.swift; path = DetailStepImageVC.swift; sourceTree = "<group>"; };
		D7C9C38294BA99CEF24D18B7 /* Pods-LearnItEarnIt.debug.xcconfig */ = {isa = PBXFileReference; includeInIndex = 1; lastKnownFileType = text.xcconfig; name = "Pods-LearnItEarnIt.debug.xcconfig"; path = "Pods/Target Support Files/Pods-LearnItEarnIt/Pods-LearnItEarnIt.debug.xcconfig"; sourceTree = "<group>"; };
/* End PBXFileReference section */

/* Begin PBXFrameworksBuildPhase section */
		C15BF5DE1EAAF6F60057310D /* Frameworks */ = {
			isa = PBXFrameworksBuildPhase;
			buildActionMask = 2147483647;
			files = (
				C11AF3C31F9E41AB00389B12 /* SwiftKeychainWrapper.framework in Frameworks */,
				C11AF3E21F9E427200389B12 /* GTMSessionFetcher.framework in Frameworks */,
				C11AF3E51F9E42BC00389B12 /* Pods_LearnItEarnIt.framework in Frameworks */,
				C11AF3CA1F9E41E200389B12 /* FBSDKCoreKit.framework in Frameworks */,
				C11AF3CE1F9E41F100389B12 /* FBSDKLoginKit.framework in Frameworks */,
				C11AF3DA1F9E422600389B12 /* nanopb.framework in Frameworks */,
				C11AF3D61F9E421300389B12 /* Bolts.framework in Frameworks */,
				C11AF3DE1F9E426500389B12 /* GoogleToolboxForMac.framework in Frameworks */,
				C11AF3D21F9E420400389B12 /* SZTextView.framework in Frameworks */,
			);
			runOnlyForDeploymentPostprocessing = 0;
		};
/* End PBXFrameworksBuildPhase section */

/* Begin PBXGroup section */
		71FA860E226DE34742CCEECD /* Frameworks */ = {
			isa = PBXGroup;
			children = (
				C11AF3E01F9E426C00389B12 /* GTMSessionFetcher.framework */,
				C11AF3DC1F9E425E00389B12 /* GoogleToolboxForMac.framework */,
				C11AF3D81F9E421B00389B12 /* nanopb.framework */,
				C11AF3D41F9E420D00389B12 /* Bolts.framework */,
				C11AF3D01F9E41FC00389B12 /* SZTextView.framework */,
				C11AF3CC1F9E41E700389B12 /* FBSDKLoginKit.framework */,
				C11AF3C81F9E41CD00389B12 /* FBSDKCoreKit.framework */,
				C11AF3BF1F9E415500389B12 /* SwiftKeychainWrapper.framework */,
				76088AC4C7211978A73A6E0E /* Pods_LearnItEarnIt.framework */,
			);
			name = Frameworks;
			sourceTree = "<group>";
		};
		C15BF5D81EAAF6F50057310D = {
			isa = PBXGroup;
			children = (
				C15BF5E31EAAF6F60057310D /* LearnItEarnIt */,
				C15BF5E21EAAF6F60057310D /* Products */,
				FB834E9B721D348D71CE5A39 /* Pods */,
				71FA860E226DE34742CCEECD /* Frameworks */,
			);
			sourceTree = "<group>";
		};
		C15BF5E21EAAF6F60057310D /* Products */ = {
			isa = PBXGroup;
			children = (
				C15BF5E11EAAF6F60057310D /* LearnItEarnIt.app */,
			);
			name = Products;
			sourceTree = "<group>";
		};
		C15BF5E31EAAF6F60057310D /* LearnItEarnIt */ = {
			isa = PBXGroup;
			children = (
				C1CC26AF1EB578F900CFA708 /* LearnItEarnIt.entitlements */,
				C163733E1EB1909500CF68BD /* Services */,
				C163733B1EB1457200CF68BD /* Util */,
				C15BF5FA1EAB04740057310D /* Model */,
				C15BF5F91EAB046F0057310D /* View */,
				C15BF5F81EAB04670057310D /* Controller */,
				C15BF5E41EAAF6F60057310D /* AppDelegate.swift */,
				C15BF5E81EAAF6F60057310D /* Main.storyboard */,
				C15BF5EB1EAAF6F60057310D /* Assets.xcassets */,
				C15BF5ED1EAAF6F60057310D /* LaunchScreen.storyboard */,
				C15BF5F01EAAF6F60057310D /* Info.plist */,
				C15BF5F61EAAF7F00057310D /* GoogleService-Info.plist */,
			);
			path = LearnItEarnIt;
			sourceTree = "<group>";
		};
		C15BF5F81EAB04670057310D /* Controller */ = {
			isa = PBXGroup;
			children = (
				C15BF6111EAEFBCD0057310D /* LoginVC.swift */,
				C16373411EB3608A00CF68BD /* NewUserVC.swift */,
				C15BF5E61EAAF6F60057310D /* MainVC.swift */,
				C15BF60D1EAE135C0057310D /* ProfileVC.swift */,
				C1CC26AD1EB4A56A00CFA708 /* SetupVC.swift */,
				C15BF6011EAB6A210057310D /* PostVC.swift */,
				C178A6021EF478BF00B97F43 /* RecentCompletionVC.swift */,
				C178A6041F0DBD7100B97F43 /* postCreateVC.swift */,
				C1AD8E341F170925000B5FB7 /* DetailStepVC.swift */,
				C101E5DB1F62BC22003CEF0A /* ConfigurationVC.swift */,
				C101E5DD1F640A50003CEF0A /* MyPostTVC.swift */,
				C101E5DF1F640AB8003CEF0A /* DetailSettingVC.swift */,
				C1DFB2B51FAC14C2009C9D93 /* DetailStepImageVC.swift */,
			);
			name = Controller;
			sourceTree = "<group>";
		};
		C15BF5F91EAB046F0057310D /* View */ = {
			isa = PBXGroup;
			children = (
				C15BF5FD1EAB04E10057310D /* CircleButton.swift */,
				C15BF5FF1EAB0A660057310D /* PostCell.swift */,
				C15BF6031EAB701B0057310D /* FancyBtn.swift */,
				C15BF6091EAC3DD50057310D /* ProductCell.swift */,
				C15BF60F1EAE174B0057310D /* CircleView.swift */,
				C11AD9151F1A913600CC8D73 /* StepCell.swift */,
				C101E5D71F622FD8003CEF0A /* SettingCell.swift */,
				C101E5E11F649145003CEF0A /* MyPostCell.swift */,
				C101E5E31F64E342003CEF0A /* ConfigurationCell.swift */,
				C1DFB2B31F9E68F8009C9D93 /* LoadingView.swift */,
				C1CD8C831FB89114006CA498 /* LoaderController.swift */,
				C1CD8C851FBB9D26006CA498 /* FancyLabel.swift */,
			);
			name = View;
			sourceTree = "<group>";
		};
		C15BF5FA1EAB04740057310D /* Model */ = {
			isa = PBXGroup;
			children = (
				C15BF6071EAB74C90057310D /* Post.swift */,
				C15BF60B1EAC3F3F0057310D /* Step.swift */,
				C1CC26B01EB5973200CFA708 /* Profile.swift */,
				C1CC26B41EB8A1FE00CFA708 /* User.swift */,
				C101E5D91F62349D003CEF0A /* Settings.swift */,
			);
			name = Model;
			sourceTree = "<group>";
		};
		C163733B1EB1457200CF68BD /* Util */ = {
			isa = PBXGroup;
			children = (
				C163733C1EB1458800CF68BD /* Constants.swift */,
				C1A9562F1F329B4D006DBCE7 /* Global.swift */,
			);
			name = Util;
			sourceTree = "<group>";
		};
		C163733E1EB1909500CF68BD /* Services */ = {
			isa = PBXGroup;
			children = (
				C163733F1EB190A500CF68BD /* DataService.swift */,
			);
			name = Services;
			sourceTree = "<group>";
		};
		FB834E9B721D348D71CE5A39 /* Pods */ = {
			isa = PBXGroup;
			children = (
				D7C9C38294BA99CEF24D18B7 /* Pods-LearnItEarnIt.debug.xcconfig */,
				85451FB6E8DEFB98F6CF38D4 /* Pods-LearnItEarnIt.release.xcconfig */,
			);
			name = Pods;
			sourceTree = "<group>";
		};
/* End PBXGroup section */

/* Begin PBXNativeTarget section */
		C15BF5E01EAAF6F60057310D /* LearnItEarnIt */ = {
			isa = PBXNativeTarget;
			buildConfigurationList = C15BF5F31EAAF6F60057310D /* Build configuration list for PBXNativeTarget "LearnItEarnIt" */;
			buildPhases = (
				5B2E1BFDEE3F2FAE8DF1B559 /* [CP] Check Pods Manifest.lock */,
				C15BF5DD1EAAF6F60057310D /* Sources */,
				C15BF5DE1EAAF6F60057310D /* Frameworks */,
				C15BF5DF1EAAF6F60057310D /* Resources */,
				22391D21270401F16ABD3787 /* [CP] Embed Pods Frameworks */,
				B47CF1AADA0C66FDB9D6DC72 /* [CP] Copy Pods Resources */,
				C1BC00FF1F98B99F0041DDE2 /* CopyFiles */,
			);
			buildRules = (
			);
			dependencies = (
			);
			name = LearnItEarnIt;
			productName = LearnItEarnIt;
			productReference = C15BF5E11EAAF6F60057310D /* LearnItEarnIt.app */;
			productType = "com.apple.product-type.application";
		};
/* End PBXNativeTarget section */

/* Begin PBXProject section */
		C15BF5D91EAAF6F50057310D /* Project object */ = {
			isa = PBXProject;
			attributes = {
				LastSwiftUpdateCheck = 0820;
				LastUpgradeCheck = 0820;
				ORGANIZATIONNAME = "Grandon Lin";
				TargetAttributes = {
					C15BF5E01EAAF6F60057310D = {
						CreatedOnToolsVersion = 8.2.1;
						DevelopmentTeam = UM5SX26C6N;
						ProvisioningStyle = Automatic;
						SystemCapabilities = {
							com.apple.Keychain = {
								enabled = 1;
							};
						};
					};
				};
			};
			buildConfigurationList = C15BF5DC1EAAF6F50057310D /* Build configuration list for PBXProject "LearnItEarnIt" */;
			compatibilityVersion = "Xcode 3.2";
			developmentRegion = English;
			hasScannedForEncodings = 0;
			knownRegions = (
				en,
				Base,
			);
			mainGroup = C15BF5D81EAAF6F50057310D;
			productRefGroup = C15BF5E21EAAF6F60057310D /* Products */;
			projectDirPath = "";
			projectRoot = "";
			targets = (
				C15BF5E01EAAF6F60057310D /* LearnItEarnIt */,
			);
		};
/* End PBXProject section */

/* Begin PBXResourcesBuildPhase section */
		C15BF5DF1EAAF6F60057310D /* Resources */ = {
			isa = PBXResourcesBuildPhase;
			buildActionMask = 2147483647;
			files = (
				C15BF5EF1EAAF6F60057310D /* LaunchScreen.storyboard in Resources */,
				C15BF5F71EAAF7F00057310D /* GoogleService-Info.plist in Resources */,
				C15BF5EC1EAAF6F60057310D /* Assets.xcassets in Resources */,
				C15BF5EA1EAAF6F60057310D /* Main.storyboard in Resources */,
			);
			runOnlyForDeploymentPostprocessing = 0;
		};
/* End PBXResourcesBuildPhase section */

/* Begin PBXShellScriptBuildPhase section */
		22391D21270401F16ABD3787 /* [CP] Embed Pods Frameworks */ = {
			isa = PBXShellScriptBuildPhase;
			buildActionMask = 2147483647;
			files = (
			);
			inputPaths = (
			);
			name = "[CP] Embed Pods Frameworks";
			outputPaths = (
			);
			runOnlyForDeploymentPostprocessing = 0;
			shellPath = /bin/sh;
			shellScript = "\"${SRCROOT}/Pods/Target Support Files/Pods-LearnItEarnIt/Pods-LearnItEarnIt-frameworks.sh\"\n";
			showEnvVarsInLog = 0;
		};
		5B2E1BFDEE3F2FAE8DF1B559 /* [CP] Check Pods Manifest.lock */ = {
			isa = PBXShellScriptBuildPhase;
			buildActionMask = 2147483647;
			files = (
			);
			inputPaths = (
			);
			name = "[CP] Check Pods Manifest.lock";
			outputPaths = (
			);
			runOnlyForDeploymentPostprocessing = 0;
			shellPath = /bin/sh;
			shellScript = "diff \"${PODS_ROOT}/../Podfile.lock\" \"${PODS_ROOT}/Manifest.lock\" > /dev/null\nif [ $? != 0 ] ; then\n    # print error to STDERR\n    echo \"error: The sandbox is not in sync with the Podfile.lock. Run 'pod install' or update your CocoaPods installation.\" >&2\n    exit 1\nfi\n";
			showEnvVarsInLog = 0;
		};
		B47CF1AADA0C66FDB9D6DC72 /* [CP] Copy Pods Resources */ = {
			isa = PBXShellScriptBuildPhase;
			buildActionMask = 2147483647;
			files = (
			);
			inputPaths = (
			);
			name = "[CP] Copy Pods Resources";
			outputPaths = (
			);
			runOnlyForDeploymentPostprocessing = 0;
			shellPath = /bin/sh;
			shellScript = "\"${SRCROOT}/Pods/Target Support Files/Pods-LearnItEarnIt/Pods-LearnItEarnIt-resources.sh\"\n";
			showEnvVarsInLog = 0;
		};
/* End PBXShellScriptBuildPhase section */

/* Begin PBXSourcesBuildPhase section */
		C15BF5DD1EAAF6F60057310D /* Sources */ = {
			isa = PBXSourcesBuildPhase;
			buildActionMask = 2147483647;
			files = (
				C178A6051F0DBD7100B97F43 /* postCreateVC.swift in Sources */,
				C1AD8E351F170925000B5FB7 /* DetailStepVC.swift in Sources */,
				C101E5DA1F62349D003CEF0A /* Settings.swift in Sources */,
				C1CC26B11EB5973200CFA708 /* Profile.swift in Sources */,
				C15BF60E1EAE135C0057310D /* ProfileVC.swift in Sources */,
				C101E5E21F649145003CEF0A /* MyPostCell.swift in Sources */,
				C16373401EB190A500CF68BD /* DataService.swift in Sources */,
				C1CC26AE1EB4A56A00CFA708 /* SetupVC.swift in Sources */,
				C101E5E41F64E342003CEF0A /* ConfigurationCell.swift in Sources */,
				C101E5DE1F640A50003CEF0A /* MyPostTVC.swift in Sources */,
				C15BF6041EAB701B0057310D /* FancyBtn.swift in Sources */,
				C1A956301F329B4D006DBCE7 /* Global.swift in Sources */,
				C15BF6121EAEFBCD0057310D /* LoginVC.swift in Sources */,
				C15BF5FE1EAB04E10057310D /* CircleButton.swift in Sources */,
				C1CD8C841FB89114006CA498 /* LoaderController.swift in Sources */,
				C11AD9161F1A913600CC8D73 /* StepCell.swift in Sources */,
				C1CD8C861FBB9D26006CA498 /* FancyLabel.swift in Sources */,
				C15BF60C1EAC3F3F0057310D /* Step.swift in Sources */,
				C101E5E01F640AB8003CEF0A /* DetailSettingVC.swift in Sources */,
				C101E5DC1F62BC22003CEF0A /* ConfigurationVC.swift in Sources */,
				C15BF5E71EAAF6F60057310D /* MainVC.swift in Sources */,
				C15BF5E51EAAF6F60057310D /* AppDelegate.swift in Sources */,
				C163733D1EB1458800CF68BD /* Constants.swift in Sources */,
				C15BF6101EAE174B0057310D /* CircleView.swift in Sources */,
				C16373421EB3608A00CF68BD /* NewUserVC.swift in Sources */,
				C101E5D81F622FD8003CEF0A /* SettingCell.swift in Sources */,
				C15BF6001EAB0A660057310D /* PostCell.swift in Sources */,
				C1CC26B51EB8A1FE00CFA708 /* User.swift in Sources */,
				C178A6031EF478BF00B97F43 /* RecentCompletionVC.swift in Sources */,
				C15BF60A1EAC3DD50057310D /* ProductCell.swift in Sources */,
				C15BF6081EAB74C90057310D /* Post.swift in Sources */,
				C1DFB2B61FAC14C2009C9D93 /* DetailStepImageVC.swift in Sources */,
				C1DFB2B41F9E68F8009C9D93 /* LoadingView.swift in Sources */,
				C15BF6021EAB6A210057310D /* PostVC.swift in Sources */,
			);
			runOnlyForDeploymentPostprocessing = 0;
		};
/* End PBXSourcesBuildPhase section */

/* Begin PBXVariantGroup section */
		C15BF5E81EAAF6F60057310D /* Main.storyboard */ = {
			isa = PBXVariantGroup;
			children = (
				C15BF5E91EAAF6F60057310D /* Base */,
			);
			name = Main.storyboard;
			sourceTree = "<group>";
		};
		C15BF5ED1EAAF6F60057310D /* LaunchScreen.storyboard */ = {
			isa = PBXVariantGroup;
			children = (
				C15BF5EE1EAAF6F60057310D /* Base */,
			);
			name = LaunchScreen.storyboard;
			sourceTree = "<group>";
		};
/* End PBXVariantGroup section */

/* Begin XCBuildConfiguration section */
		C15BF5F11EAAF6F60057310D /* Debug */ = {
			isa = XCBuildConfiguration;
			buildSettings = {
				ALWAYS_SEARCH_USER_PATHS = NO;
				CLANG_ANALYZER_NONNULL = YES;
				CLANG_CXX_LANGUAGE_STANDARD = "gnu++0x";
				CLANG_CXX_LIBRARY = "libc++";
				CLANG_ENABLE_MODULES = YES;
				CLANG_ENABLE_OBJC_ARC = YES;
				CLANG_WARN_BOOL_CONVERSION = YES;
				CLANG_WARN_CONSTANT_CONVERSION = YES;
				CLANG_WARN_DIRECT_OBJC_ISA_USAGE = YES_ERROR;
				CLANG_WARN_DOCUMENTATION_COMMENTS = YES;
				CLANG_WARN_EMPTY_BODY = YES;
				CLANG_WARN_ENUM_CONVERSION = YES;
				CLANG_WARN_INFINITE_RECURSION = YES;
				CLANG_WARN_INT_CONVERSION = YES;
				CLANG_WARN_OBJC_ROOT_CLASS = YES_ERROR;
				CLANG_WARN_SUSPICIOUS_MOVE = YES;
				CLANG_WARN_UNREACHABLE_CODE = YES;
				CLANG_WARN__DUPLICATE_METHOD_MATCH = YES;
				"CODE_SIGN_IDENTITY[sdk=iphoneos*]" = "iPhone Developer";
				COPY_PHASE_STRIP = NO;
				DEBUG_INFORMATION_FORMAT = dwarf;
				ENABLE_STRICT_OBJC_MSGSEND = YES;
				ENABLE_TESTABILITY = YES;
				GCC_C_LANGUAGE_STANDARD = gnu99;
				GCC_DYNAMIC_NO_PIC = NO;
				GCC_NO_COMMON_BLOCKS = YES;
				GCC_OPTIMIZATION_LEVEL = 0;
				GCC_PREPROCESSOR_DEFINITIONS = (
					"DEBUG=1",
					"$(inherited)",
				);
				GCC_WARN_64_TO_32_BIT_CONVERSION = YES;
				GCC_WARN_ABOUT_RETURN_TYPE = YES_ERROR;
				GCC_WARN_UNDECLARED_SELECTOR = YES;
				GCC_WARN_UNINITIALIZED_AUTOS = YES_AGGRESSIVE;
				GCC_WARN_UNUSED_FUNCTION = YES;
				GCC_WARN_UNUSED_VARIABLE = YES;
				IPHONEOS_DEPLOYMENT_TARGET = 10.2;
				MTL_ENABLE_DEBUG_INFO = YES;
				ONLY_ACTIVE_ARCH = YES;
				SDKROOT = iphoneos;
				SWIFT_ACTIVE_COMPILATION_CONDITIONS = DEBUG;
				SWIFT_OPTIMIZATION_LEVEL = "-Onone";
				TARGETED_DEVICE_FAMILY = "1,2";
			};
			name = Debug;
		};
		C15BF5F21EAAF6F60057310D /* Release */ = {
			isa = XCBuildConfiguration;
			buildSettings = {
				ALWAYS_SEARCH_USER_PATHS = NO;
				CLANG_ANALYZER_NONNULL = YES;
				CLANG_CXX_LANGUAGE_STANDARD = "gnu++0x";
				CLANG_CXX_LIBRARY = "libc++";
				CLANG_ENABLE_MODULES = YES;
				CLANG_ENABLE_OBJC_ARC = YES;
				CLANG_WARN_BOOL_CONVERSION = YES;
				CLANG_WARN_CONSTANT_CONVERSION = YES;
				CLANG_WARN_DIRECT_OBJC_ISA_USAGE = YES_ERROR;
				CLANG_WARN_DOCUMENTATION_COMMENTS = YES;
				CLANG_WARN_EMPTY_BODY = YES;
				CLANG_WARN_ENUM_CONVERSION = YES;
				CLANG_WARN_INFINITE_RECURSION = YES;
				CLANG_WARN_INT_CONVERSION = YES;
				CLANG_WARN_OBJC_ROOT_CLASS = YES_ERROR;
				CLANG_WARN_SUSPICIOUS_MOVE = YES;
				CLANG_WARN_UNREACHABLE_CODE = YES;
				CLANG_WARN__DUPLICATE_METHOD_MATCH = YES;
				"CODE_SIGN_IDENTITY[sdk=iphoneos*]" = "iPhone Developer";
				COPY_PHASE_STRIP = NO;
				DEBUG_INFORMATION_FORMAT = "dwarf-with-dsym";
				ENABLE_NS_ASSERTIONS = NO;
				ENABLE_STRICT_OBJC_MSGSEND = YES;
				GCC_C_LANGUAGE_STANDARD = gnu99;
				GCC_NO_COMMON_BLOCKS = YES;
				GCC_WARN_64_TO_32_BIT_CONVERSION = YES;
				GCC_WARN_ABOUT_RETURN_TYPE = YES_ERROR;
				GCC_WARN_UNDECLARED_SELECTOR = YES;
				GCC_WARN_UNINITIALIZED_AUTOS = YES_AGGRESSIVE;
				GCC_WARN_UNUSED_FUNCTION = YES;
				GCC_WARN_UNUSED_VARIABLE = YES;
				IPHONEOS_DEPLOYMENT_TARGET = 10.2;
				MTL_ENABLE_DEBUG_INFO = NO;
				SDKROOT = iphoneos;
				SWIFT_OPTIMIZATION_LEVEL = "-Owholemodule";
				TARGETED_DEVICE_FAMILY = "1,2";
				VALIDATE_PRODUCT = YES;
			};
			name = Release;
		};
		C15BF5F41EAAF6F60057310D /* Debug */ = {
			isa = XCBuildConfiguration;
			baseConfigurationReference = D7C9C38294BA99CEF24D18B7 /* Pods-LearnItEarnIt.debug.xcconfig */;
			buildSettings = {
				ALWAYS_EMBED_SWIFT_STANDARD_LIBRARIES = YES;
				ASSETCATALOG_COMPILER_APPICON_NAME = AppIcon;
				CODE_SIGN_ENTITLEMENTS = LearnItEarnIt/LearnItEarnIt.entitlements;
				DEVELOPMENT_TEAM = UM5SX26C6N;
				INFOPLIST_FILE = LearnItEarnIt/Info.plist;
				IPHONEOS_DEPLOYMENT_TARGET = 10.2;
				LD_RUNPATH_SEARCH_PATHS = "$(inherited) @executable_path/Frameworks";
				PRODUCT_BUNDLE_IDENTIFIER = com.grandonlin.LearnItEarnIt;
				PRODUCT_NAME = "$(TARGET_NAME)";
				SWIFT_VERSION = 3.0;
			};
			name = Debug;
		};
		C15BF5F51EAAF6F60057310D /* Release */ = {
			isa = XCBuildConfiguration;
			baseConfigurationReference = 85451FB6E8DEFB98F6CF38D4 /* Pods-LearnItEarnIt.release.xcconfig */;
			buildSettings = {
				ALWAYS_EMBED_SWIFT_STANDARD_LIBRARIES = YES;
				ASSETCATALOG_COMPILER_APPICON_NAME = AppIcon;
				CODE_SIGN_ENTITLEMENTS = LearnItEarnIt/LearnItEarnIt.entitlements;
				DEVELOPMENT_TEAM = UM5SX26C6N;
				INFOPLIST_FILE = LearnItEarnIt/Info.plist;
				IPHONEOS_DEPLOYMENT_TARGET = 10.2;
				LD_RUNPATH_SEARCH_PATHS = "$(inherited) @executable_path/Frameworks";
				PRODUCT_BUNDLE_IDENTIFIER = com.grandonlin.LearnItEarnIt;
				PRODUCT_NAME = "$(TARGET_NAME)";
				SWIFT_VERSION = 3.0;
			};
			name = Release;
		};
/* End XCBuildConfiguration section */

/* Begin XCConfigurationList section */
		C15BF5DC1EAAF6F50057310D /* Build configuration list for PBXProject "LearnItEarnIt" */ = {
			isa = XCConfigurationList;
			buildConfigurations = (
				C15BF5F11EAAF6F60057310D /* Debug */,
				C15BF5F21EAAF6F60057310D /* Release */,
			);
			defaultConfigurationIsVisible = 0;
			defaultConfigurationName = Release;
		};
		C15BF5F31EAAF6F60057310D /* Build configuration list for PBXNativeTarget "LearnItEarnIt" */ = {
			isa = XCConfigurationList;
			buildConfigurations = (
				C15BF5F41EAAF6F60057310D /* Debug */,
				C15BF5F51EAAF6F60057310D /* Release */,
			);
			defaultConfigurationIsVisible = 0;
			defaultConfigurationName = Release;
		};
/* End XCConfigurationList section */
	};
	rootObject = C15BF5D91EAAF6F50057310D /* Project object */;
}
